
Microsoft Visual Studio Solution File, Format Version 12.00
# Visual Studio Version 16
VisualStudioVersion = 16.0.30413.136
MinimumVisualStudioVersion = 10.0.40219.1
Project("{FAE04EC0-301F-11D3-BF4B-00C04F79EFBC}") = "CountriesStateManagement", "CountriesStateManagement\CountriesStateManagement.csproj", "{E1979F54-3949-4B82-A625-A7C10DC31ACC}"
EndProject
Global
	GlobalSection(SolutionConfigurationPlatforms) = preSolution
		Debug|Any CPU = Debug|Any CPU
		Release|Any CPU = Release|Any CPU
	EndGlobalSection
	GlobalSection(ProjectConfigurationPlatforms) = postSolution
		{E1979F54-3949-4B82-A625-A7C10DC31ACC}.Debug|Any CPU.ActiveCfg = Debug|Any CPU
		{E1979F54-3949-4B82-A625-A7C10DC31ACC}.Debug|Any CPU.Build.0 = Debug|Any CPU
		{E1979F54-3949-4B82-A625-A7C10DC31ACC}.Release|Any CPU.ActiveCfg = Release|Any CPU
		{E1979F54-3949-4B82-A625-A7C10DC31ACC}.Release|Any CPU.Build.0 = Release|Any CPU
	EndGlobalSection
	GlobalSection(SolutionProperties) = preSolution
		HideSolutionNode = FALSE
	EndGlobalSection
	GlobalSection(ExtensibilityGlobals) = postSolution
		SolutionGuid = {E5033C64-9481-47CC-AD3A-F2EE7C8B67D3}
	EndGlobalSection
EndGlobal
